{
  "version": 1,
  "dependencies": {
    ".NETnanoFramework,Version=v1.0": {
      "nanoFramework.Logging": {
        "type": "Direct",
        "requested": "[1.1.76, 1.1.76]",
        "resolved": "1.1.76",
        "contentHash": "vmVqO62JmCzP4wHdUuqmP7aiDLzTakcJ1CMeb9dJxcONwrxXGuK6YeOIrIhvqhBsIjz6ebv4FW8o4CP9ttGh0g=="
      }
    }
  }
}